
Microsoft Visual Studio Solution File, Format Version 12.00
# Visual Studio Version 16
VisualStudioVersion = 16.0.31402.337
MinimumVisualStudioVersion = 10.0.40219.1
Project("{FAE04EC0-301F-11D3-BF4B-00C04F79EFBC}") = "Arbol", "Arbol\Arbol.csproj", "{910E5270-D909-4830-8712-111D145CCFC9}"
EndProject
Global
	GlobalSection(SolutionConfigurationPlatforms) = preSolution
		Debug|Any CPU = Debug|Any CPU
		Release|Any CPU = Release|Any CPU
	EndGlobalSection
	GlobalSection(ProjectConfigurationPlatforms) = postSolution
		{910E5270-D909-4830-8712-111D145CCFC9}.Debug|Any CPU.ActiveCfg = Debug|Any CPU
		{910E5270-D909-4830-8712-111D145CCFC9}.Debug|Any CPU.Build.0 = Debug|Any CPU
		{910E5270-D909-4830-8712-111D145CCFC9}.Release|Any CPU.ActiveCfg = Release|Any CPU
		{910E5270-D909-4830-8712-111D145CCFC9}.Release|Any CPU.Build.0 = Release|Any CPU
	EndGlobalSection
	GlobalSection(SolutionProperties) = preSolution
		HideSolutionNode = FALSE
	EndGlobalSection
	GlobalSection(ExtensibilityGlobals) = postSolution
		SolutionGuid = {A5D4A4D2-2FC2-4F3E-9AB8-83D498B2F529}
	EndGlobalSection
EndGlobal
